
Microsoft Visual Studio Solution File, Format Version 12.00
# Visual Studio Version 16
VisualStudioVersion = 16.0.31702.278
MinimumVisualStudioVersion = 10.0.40219.1
Project("{9A19103F-16F7-4668-BE54-9A1E7A4F7556}") = "Entities", "Entities\Entities.csproj", "{C3939375-43B9-4353-9B1A-92553EC18BF5}"
EndProject
Project("{9A19103F-16F7-4668-BE54-9A1E7A4F7556}") = "DataAccess", "DataAccess\DataAccess.csproj", "{7BB65F59-7A9A-444A-9E22-6A031F2772E3}"
EndProject
Project("{9A19103F-16F7-4668-BE54-9A1E7A4F7556}") = "Business", "Business\Business.csproj", "{44295FF4-E996-466D-B6E4-F01F75E5BC1B}"
EndProject
Project("{9A19103F-16F7-4668-BE54-9A1E7A4F7556}") = "WebAPI", "WebAPI\WebAPI.csproj", "{02C12260-AB34-43F0-B9ED-C69DF03D4A40}"
EndProject
Project("{9A19103F-16F7-4668-BE54-9A1E7A4F7556}") = "Core", "Core\Core.csproj", "{0223D9D6-A107-4523-8F68-127B6E6FEA5A}"
EndProject
Global
	GlobalSection(SolutionConfigurationPlatforms) = preSolution
		Debug|Any CPU = Debug|Any CPU
		Release|Any CPU = Release|Any CPU
	EndGlobalSection
	GlobalSection(ProjectConfigurationPlatforms) = postSolution
		{C3939375-43B9-4353-9B1A-92553EC18BF5}.Debug|Any CPU.ActiveCfg = Debug|Any CPU
		{C3939375-43B9-4353-9B1A-92553EC18BF5}.Debug|Any CPU.Build.0 = Debug|Any CPU
		{C3939375-43B9-4353-9B1A-92553EC18BF5}.Release|Any CPU.ActiveCfg = Release|Any CPU
		{C3939375-43B9-4353-9B1A-92553EC18BF5}.Release|Any CPU.Build.0 = Release|Any CPU
		{7BB65F59-7A9A-444A-9E22-6A031F2772E3}.Debug|Any CPU.ActiveCfg = Debug|Any CPU
		{7BB65F59-7A9A-444A-9E22-6A031F2772E3}.Debug|Any CPU.Build.0 = Debug|Any CPU
		{7BB65F59-7A9A-444A-9E22-6A031F2772E3}.Release|Any CPU.ActiveCfg = Release|Any CPU
		{7BB65F59-7A9A-444A-9E22-6A031F2772E3}.Release|Any CPU.Build.0 = Release|Any CPU
		{44295FF4-E996-466D-B6E4-F01F75E5BC1B}.Debug|Any CPU.ActiveCfg = Debug|Any CPU
		{44295FF4-E996-466D-B6E4-F01F75E5BC1B}.Debug|Any CPU.Build.0 = Debug|Any CPU
		{44295FF4-E996-466D-B6E4-F01F75E5BC1B}.Release|Any CPU.ActiveCfg = Release|Any CPU
		{44295FF4-E996-466D-B6E4-F01F75E5BC1B}.Release|Any CPU.Build.0 = Release|Any CPU
		{02C12260-AB34-43F0-B9ED-C69DF03D4A40}.Debug|Any CPU.ActiveCfg = Debug|Any CPU
		{02C12260-AB34-43F0-B9ED-C69DF03D4A40}.Debug|Any CPU.Build.0 = Debug|Any CPU
		{02C12260-AB34-43F0-B9ED-C69DF03D4A40}.Release|Any CPU.ActiveCfg = Release|Any CPU
		{02C12260-AB34-43F0-B9ED-C69DF03D4A40}.Release|Any CPU.Build.0 = Release|Any CPU
		{0223D9D6-A107-4523-8F68-127B6E6FEA5A}.Debug|Any CPU.ActiveCfg = Debug|Any CPU
		{0223D9D6-A107-4523-8F68-127B6E6FEA5A}.Debug|Any CPU.Build.0 = Debug|Any CPU
		{0223D9D6-A107-4523-8F68-127B6E6FEA5A}.Release|Any CPU.ActiveCfg = Release|Any CPU
		{0223D9D6-A107-4523-8F68-127B6E6FEA5A}.Release|Any CPU.Build.0 = Release|Any CPU
	EndGlobalSection
	GlobalSection(SolutionProperties) = preSolution
		HideSolutionNode = FALSE
	EndGlobalSection
	GlobalSection(ExtensibilityGlobals) = postSolution
		SolutionGuid = {9F0475CD-3423-43AD-8146-44F8D6F47116}
	EndGlobalSection
EndGlobal
